// !$*UTF8*$!
{
	archiveVersion = 1;
	classes = {
	};
	objectVersion = 46;
	objects = {

/* Begin PBXBuildFile section */
		8AD5547D1AEF78EB00B26630 /* main.m in Sources */ = {isa = PBXBuildFile; fileRef = 8AD5547C1AEF78EB00B26630 /* main.m */; };
		8AD554801AEF78EB00B26630 /* AppDelegate.m in Sources */ = {isa = PBXBuildFile; fileRef = 8AD5547F1AEF78EB00B26630 /* AppDelegate.m */; };
		8AD554831AEF78EB00B26630 /* Shabdo_khoj.xcdatamodeld in Sources */ = {isa = PBXBuildFile; fileRef = 8AD554811AEF78EB00B26630 /* Shabdo_khoj.xcdatamodeld */; };
		8AD554861AEF78EB00B26630 /* ViewController.m in Sources */ = {isa = PBXBuildFile; fileRef = 8AD554851AEF78EB00B26630 /* ViewController.m */; };
		8AD554891AEF78EB00B26630 /* Main.storyboard in Resources */ = {isa = PBXBuildFile; fileRef = 8AD554871AEF78EB00B26630 /* Main.storyboard */; };
		8AD5548B1AEF78EB00B26630 /* Images.xcassets in Resources */ = {isa = PBXBuildFile; fileRef = 8AD5548A1AEF78EB00B26630 /* Images.xcassets */; };
		8AD5549A1AEF78EB00B26630 /* Shabdo_khojTests.m in Sources */ = {isa = PBXBuildFile; fileRef = 8AD554991AEF78EB00B26630 /* Shabdo_khojTests.m */; };
		8AD6E77A1AEF79960040DAC6 /* UIKit.framework in Frameworks */ = {isa = PBXBuildFile; fileRef = 8AD6E7791AEF79960040DAC6 /* UIKit.framework */; };
		8AD6E77C1AEF88EF0040DAC6 /* ViewController.xib in Resources */ = {isa = PBXBuildFile; fileRef = 8AD6E77B1AEF88EF0040DAC6 /* ViewController.xib */; };
		8AD6E7801AEFA4760040DAC6 /* AddingFilesOption.m in Sources */ = {isa = PBXBuildFile; fileRef = 8AD6E77E1AEFA4760040DAC6 /* AddingFilesOption.m */; };
		8AD6E7811AEFA4760040DAC6 /* AddingFilesOption.xib in Resources */ = {isa = PBXBuildFile; fileRef = 8AD6E77F1AEFA4760040DAC6 /* AddingFilesOption.xib */; };
		8AD6E7851AEFA8C50040DAC6 /* ImageFile.m in Sources */ = {isa = PBXBuildFile; fileRef = 8AD6E7831AEFA8C50040DAC6 /* ImageFile.m */; };
		8AD6E7861AEFA8C50040DAC6 /* ImageFile.xib in Resources */ = {isa = PBXBuildFile; fileRef = 8AD6E7841AEFA8C50040DAC6 /* ImageFile.xib */; };
		8AD6E7881AEFAE830040DAC6 /* AssetsLibrary.framework in Frameworks */ = {isa = PBXBuildFile; fileRef = 8AD6E7871AEFAE830040DAC6 /* AssetsLibrary.framework */; };
		8AD6E78A1AEFAE9C0040DAC6 /* AVFoundation.framework in Frameworks */ = {isa = PBXBuildFile; fileRef = 8AD6E7891AEFAE9C0040DAC6 /* AVFoundation.framework */; };
		8AD6E78C1AEFAEAB0040DAC6 /* MediaPlayer.framework in Frameworks */ = {isa = PBXBuildFile; fileRef = 8AD6E78B1AEFAEAB0040DAC6 /* MediaPlayer.framework */; };
		8AD6E78F1AEFB02C0040DAC6 /* AssetBrowserItem.m in Sources */ = {isa = PBXBuildFile; fileRef = 8AD6E78E1AEFB02C0040DAC6 /* AssetBrowserItem.m */; };
		8AD6E7A31AEFC64D0040DAC6 /* Foundation.framework in Frameworks */ = {isa = PBXBuildFile; fileRef = 8AD6E7A21AEFC64D0040DAC6 /* Foundation.framework */; };
		8AD6E7A51AEFC6690040DAC6 /* QuartzCore.framework in Frameworks */ = {isa = PBXBuildFile; fileRef = 8AD6E7A41AEFC6690040DAC6 /* QuartzCore.framework */; };
		8AD6E7A71AEFC6750040DAC6 /* CoreGraphics.framework in Frameworks */ = {isa = PBXBuildFile; fileRef = 8AD6E7A61AEFC6750040DAC6 /* CoreGraphics.framework */; };
		8AD6E7AB1AEFCA010040DAC6 /* CoreData.framework in Frameworks */ = {isa = PBXBuildFile; fileRef = 8AD6E7AA1AEFCA010040DAC6 /* CoreData.framework */; };
		8AD6E7AD1AEFCA380040DAC6 /* MobileCoreServices.framework in Frameworks */ = {isa = PBXBuildFile; fileRef = 8AD6E7AC1AEFCA380040DAC6 /* MobileCoreServices.framework */; };
		8AD6E7AF1AEFCA450040DAC6 /* CoreMotion.framework in Frameworks */ = {isa = PBXBuildFile; fileRef = 8AD6E7AE1AEFCA450040DAC6 /* CoreMotion.framework */; };
		8AD6E7B61AEFCCDC0040DAC6 /* SWCellScrollView.m in Sources */ = {isa = PBXBuildFile; fileRef = 8AD6E7B11AEFCCDC0040DAC6 /* SWCellScrollView.m */; };
		8AD6E7B71AEFCCDC0040DAC6 /* SWUtilityButtonTapGestureRecognizer.m in Sources */ = {isa = PBXBuildFile; fileRef = 8AD6E7B31AEFCCDC0040DAC6 /* SWUtilityButtonTapGestureRecognizer.m */; };
		8AD6E7B81AEFCCDC0040DAC6 /* SWUtilityButtonView.m in Sources */ = {isa = PBXBuildFile; fileRef = 8AD6E7B51AEFCCDC0040DAC6 /* SWUtilityButtonView.m */; };
		8AD6E7BD1AEFCD1E0040DAC6 /* SWLongPressGestureRecognizer.m in Sources */ = {isa = PBXBuildFile; fileRef = 8AD6E7BA1AEFCD1E0040DAC6 /* SWLongPressGestureRecognizer.m */; };
		8AD6E7BE1AEFCD1E0040DAC6 /* SWTableViewCell.m in Sources */ = {isa = PBXBuildFile; fileRef = 8AD6E7BC1AEFCD1E0040DAC6 /* SWTableViewCell.m */; };
		8AD6E7C11AEFCD950040DAC6 /* NSMutableArray+SWUtilityButtons.m in Sources */ = {isa = PBXBuildFile; fileRef = 8AD6E7C01AEFCD950040DAC6 /* NSMutableArray+SWUtilityButtons.m */; };
		8AD6EFA31AF0AF930040DAC6 /* ChartDataPointNormal.png in Resources */ = {isa = PBXBuildFile; fileRef = 8AD6EFA21AF0AF930040DAC6 /* ChartDataPointNormal.png */; };
/* End PBXBuildFile section */

/* Begin PBXContainerItemProxy section */
		8AD554941AEF78EB00B26630 /* PBXContainerItemProxy */ = {
			isa = PBXContainerItemProxy;
			containerPortal = 8AD5546F1AEF78EB00B26630 /* Project object */;
			proxyType = 1;
			remoteGlobalIDString = 8AD554761AEF78EB00B26630;
			remoteInfo = "Shabdo-khoj";
		};
/* End PBXContainerItemProxy section */

/* Begin PBXFileReference section */
		8AD554771AEF78EB00B26630 /* Shabdo-khoj.app */ = {isa = PBXFileReference; explicitFileType = wrapper.application; includeInIndex = 0; path = "Shabdo-khoj.app"; sourceTree = BUILT_PRODUCTS_DIR; };
		8AD5547B1AEF78EB00B26630 /* Info.plist */ = {isa = PBXFileReference; lastKnownFileType = text.plist.xml; path = Info.plist; sourceTree = "<group>"; };
		8AD5547C1AEF78EB00B26630 /* main.m */ = {isa = PBXFileReference; lastKnownFileType = sourcecode.c.objc; path = main.m; sourceTree = "<group>"; };
		8AD5547E1AEF78EB00B26630 /* AppDelegate.h */ = {isa = PBXFileReference; lastKnownFileType = sourcecode.c.h; path = AppDelegate.h; sourceTree = "<group>"; };
		8AD5547F1AEF78EB00B26630 /* AppDelegate.m */ = {isa = PBXFileReference; lastKnownFileType = sourcecode.c.objc; path = AppDelegate.m; sourceTree = "<group>"; };
		8AD554821AEF78EB00B26630 /* Shabdo_khoj.xcdatamodel */ = {isa = PBXFileReference; lastKnownFileType = wrapper.xcdatamodel; path = Shabdo_khoj.xcdatamodel; sourceTree = "<group>"; };
		8AD554841AEF78EB00B26630 /* ViewController.h */ = {isa = PBXFileReference; lastKnownFileType = sourcecode.c.h; path = ViewController.h; sourceTree = "<group>"; };
		8AD554851AEF78EB00B26630 /* ViewController.m */ = {isa = PBXFileReference; lastKnownFileType = sourcecode.c.objc; path = ViewController.m; sourceTree = "<group>"; };
		8AD554881AEF78EB00B26630 /* Base */ = {isa = PBXFileReference; lastKnownFileType = file.storyboard; name = Base; path = Base.lproj/Main.storyboard; sourceTree = "<group>"; };
		8AD5548A1AEF78EB00B26630 /* Images.xcassets */ = {isa = PBXFileReference; lastKnownFileType = folder.assetcatalog; path = Images.xcassets; sourceTree = "<group>"; };
		8AD554931AEF78EB00B26630 /* Shabdo-khojTests.xctest */ = {isa = PBXFileReference; explicitFileType = wrapper.cfbundle; includeInIndex = 0; path = "Shabdo-khojTests.xctest"; sourceTree = BUILT_PRODUCTS_DIR; };
		8AD554981AEF78EB00B26630 /* Info.plist */ = {isa = PBXFileReference; lastKnownFileType = text.plist.xml; path = Info.plist; sourceTree = "<group>"; };
		8AD554991AEF78EB00B26630 /* Shabdo_khojTests.m */ = {isa = PBXFileReference; lastKnownFileType = sourcecode.c.objc; path = Shabdo_khojTests.m; sourceTree = "<group>"; };
		8AD6E7791AEF79960040DAC6 /* UIKit.framework */ = {isa = PBXFileReference; lastKnownFileType = wrapper.framework; name = UIKit.framework; path = System/Library/Frameworks/UIKit.framework; sourceTree = SDKROOT; };
		8AD6E77B1AEF88EF0040DAC6 /* ViewController.xib */ = {isa = PBXFileReference; fileEncoding = 4; lastKnownFileType = file.xib; path = ViewController.xib; sourceTree = "<group>"; };
		8AD6E77D1AEFA4760040DAC6 /* AddingFilesOption.h */ = {isa = PBXFileReference; fileEncoding = 4; lastKnownFileType = sourcecode.c.h; path = AddingFilesOption.h; sourceTree = "<group>"; };
		8AD6E77E1AEFA4760040DAC6 /* AddingFilesOption.m */ = {isa = PBXFileReference; fileEncoding = 4; lastKnownFileType = sourcecode.c.objc; path = AddingFilesOption.m; sourceTree = "<group>"; };
		8AD6E77F1AEFA4760040DAC6 /* AddingFilesOption.xib */ = {isa = PBXFileReference; fileEncoding = 4; lastKnownFileType = file.xib; path = AddingFilesOption.xib; sourceTree = "<group>"; };
		8AD6E7821AEFA8C50040DAC6 /* ImageFile.h */ = {isa = PBXFileReference; fileEncoding = 4; lastKnownFileType = sourcecode.c.h; path = ImageFile.h; sourceTree = "<group>"; };
		8AD6E7831AEFA8C50040DAC6 /* ImageFile.m */ = {isa = PBXFileReference; fileEncoding = 4; lastKnownFileType = sourcecode.c.objc; path = ImageFile.m; sourceTree = "<group>"; };
		8AD6E7841AEFA8C50040DAC6 /* ImageFile.xib */ = {isa = PBXFileReference; fileEncoding = 4; lastKnownFileType = file.xib; path = ImageFile.xib; sourceTree = "<group>"; };
		8AD6E7871AEFAE830040DAC6 /* AssetsLibrary.framework */ = {isa = PBXFileReference; lastKnownFileType = wrapper.framework; name = AssetsLibrary.framework; path = System/Library/Frameworks/AssetsLibrary.framework; sourceTree = SDKROOT; };
		8AD6E7891AEFAE9C0040DAC6 /* AVFoundation.framework */ = {isa = PBXFileReference; lastKnownFileType = wrapper.framework; name = AVFoundation.framework; path = System/Library/Frameworks/AVFoundation.framework; sourceTree = SDKROOT; };
		8AD6E78B1AEFAEAB0040DAC6 /* MediaPlayer.framework */ = {isa = PBXFileReference; lastKnownFileType = wrapper.framework; name = MediaPlayer.framework; path = System/Library/Frameworks/MediaPlayer.framework; sourceTree = SDKROOT; };
		8AD6E78D1AEFB02C0040DAC6 /* AssetBrowserItem.h */ = {isa = PBXFileReference; fileEncoding = 4; lastKnownFileType = sourcecode.c.h; name = AssetBrowserItem.h; path = ../AssetBrowserItem.h; sourceTree = "<group>"; };
		8AD6E78E1AEFB02C0040DAC6 /* AssetBrowserItem.m */ = {isa = PBXFileReference; fileEncoding = 4; lastKnownFileType = sourcecode.c.objc; name = AssetBrowserItem.m; path = ../AssetBrowserItem.m; sourceTree = "<group>"; };
		8AD6E7A21AEFC64D0040DAC6 /* Foundation.framework */ = {isa = PBXFileReference; lastKnownFileType = wrapper.framework; name = Foundation.framework; path = System/Library/Frameworks/Foundation.framework; sourceTree = SDKROOT; };
		8AD6E7A41AEFC6690040DAC6 /* QuartzCore.framework */ = {isa = PBXFileReference; lastKnownFileType = wrapper.framework; name = QuartzCore.framework; path = System/Library/Frameworks/QuartzCore.framework; sourceTree = SDKROOT; };
		8AD6E7A61AEFC6750040DAC6 /* CoreGraphics.framework */ = {isa = PBXFileReference; lastKnownFileType = wrapper.framework; name = CoreGraphics.framework; path = System/Library/Frameworks/CoreGraphics.framework; sourceTree = SDKROOT; };
		8AD6E7AA1AEFCA010040DAC6 /* CoreData.framework */ = {isa = PBXFileReference; lastKnownFileType = wrapper.framework; name = CoreData.framework; path = System/Library/Frameworks/CoreData.framework; sourceTree = SDKROOT; };
		8AD6E7AC1AEFCA380040DAC6 /* MobileCoreServices.framework */ = {isa = PBXFileReference; lastKnownFileType = wrapper.framework; name = MobileCoreServices.framework; path = System/Library/Frameworks/MobileCoreServices.framework; sourceTree = SDKROOT; };
		8AD6E7AE1AEFCA450040DAC6 /* CoreMotion.framework */ = {isa = PBXFileReference; lastKnownFileType = wrapper.framework; name = CoreMotion.framework; path = System/Library/Frameworks/CoreMotion.framework; sourceTree = SDKROOT; };
		8AD6E7B01AEFCCDC0040DAC6 /* SWCellScrollView.h */ = {isa = PBXFileReference; fileEncoding = 4; lastKnownFileType = sourcecode.c.h; path = SWCellScrollView.h; sourceTree = "<group>"; };
		8AD6E7B11AEFCCDC0040DAC6 /* SWCellScrollView.m */ = {isa = PBXFileReference; fileEncoding = 4; lastKnownFileType = sourcecode.c.objc; path = SWCellScrollView.m; sourceTree = "<group>"; };
		8AD6E7B21AEFCCDC0040DAC6 /* SWUtilityButtonTapGestureRecognizer.h */ = {isa = PBXFileReference; fileEncoding = 4; lastKnownFileType = sourcecode.c.h; path = SWUtilityButtonTapGestureRecognizer.h; sourceTree = "<group>"; };
		8AD6E7B31AEFCCDC0040DAC6 /* SWUtilityButtonTapGestureRecognizer.m */ = {isa = PBXFileReference; fileEncoding = 4; lastKnownFileType = sourcecode.c.objc; path = SWUtilityButtonTapGestureRecognizer.m; sourceTree = "<group>"; };
		8AD6E7B41AEFCCDC0040DAC6 /* SWUtilityButtonView.h */ = {isa = PBXFileReference; fileEncoding = 4; lastKnownFileType = sourcecode.c.h; path = SWUtilityButtonView.h; sourceTree = "<group>"; };
		8AD6E7B51AEFCCDC0040DAC6 /* SWUtilityButtonView.m */ = {isa = PBXFileReference; fileEncoding = 4; lastKnownFileType = sourcecode.c.objc; path = SWUtilityButtonView.m; sourceTree = "<group>"; };
		8AD6E7B91AEFCD1E0040DAC6 /* SWLongPressGestureRecognizer.h */ = {isa = PBXFileReference; fileEncoding = 4; lastKnownFileType = sourcecode.c.h; path = SWLongPressGestureRecognizer.h; sourceTree = "<group>"; };
		8AD6E7BA1AEFCD1E0040DAC6 /* SWLongPressGestureRecognizer.m */ = {isa = PBXFileReference; fileEncoding = 4; lastKnownFileType = sourcecode.c.objc; path = SWLongPressGestureRecognizer.m; sourceTree = "<group>"; };
		8AD6E7BB1AEFCD1E0040DAC6 /* SWTableViewCell.h */ = {isa = PBXFileReference; fileEncoding = 4; lastKnownFileType = sourcecode.c.h; path = SWTableViewCell.h; sourceTree = "<group>"; };
		8AD6E7BC1AEFCD1E0040DAC6 /* SWTableViewCell.m */ = {isa = PBXFileReference; fileEncoding = 4; lastKnownFileType = sourcecode.c.objc; path = SWTableViewCell.m; sourceTree = "<group>"; };
		8AD6E7BF1AEFCD950040DAC6 /* NSMutableArray+SWUtilityButtons.h */ = {isa = PBXFileReference; fileEncoding = 4; lastKnownFileType = sourcecode.c.h; path = "NSMutableArray+SWUtilityButtons.h"; sourceTree = "<group>"; };
		8AD6E7C01AEFCD950040DAC6 /* NSMutableArray+SWUtilityButtons.m */ = {isa = PBXFileReference; fileEncoding = 4; lastKnownFileType = sourcecode.c.objc; path = "NSMutableArray+SWUtilityButtons.m"; sourceTree = "<group>"; };
		8AD6EFA21AF0AF930040DAC6 /* ChartDataPointNormal.png */ = {isa = PBXFileReference; lastKnownFileType = image.png; path = ChartDataPointNormal.png; sourceTree = "<group>"; };
/* End PBXFileReference section */

/* Begin PBXFrameworksBuildPhase section */
		8AD554741AEF78EB00B26630 /* Frameworks */ = {
			isa = PBXFrameworksBuildPhase;
			buildActionMask = 2147483647;
			files = (
				8AD6E7AF1AEFCA450040DAC6 /* CoreMotion.framework in Frameworks */,
				8AD6E7AD1AEFCA380040DAC6 /* MobileCoreServices.framework in Frameworks */,
				8AD6E7AB1AEFCA010040DAC6 /* CoreData.framework in Frameworks */,
				8AD6E7A71AEFC6750040DAC6 /* CoreGraphics.framework in Frameworks */,
				8AD6E7A51AEFC6690040DAC6 /* QuartzCore.framework in Frameworks */,
				8AD6E7A31AEFC64D0040DAC6 /* Foundation.framework in Frameworks */,
				8AD6E78C1AEFAEAB0040DAC6 /* MediaPlayer.framework in Frameworks */,
				8AD6E78A1AEFAE9C0040DAC6 /* AVFoundation.framework in Frameworks */,
				8AD6E7881AEFAE830040DAC6 /* AssetsLibrary.framework in Frameworks */,
				8AD6E77A1AEF79960040DAC6 /* UIKit.framework in Frameworks */,
			);
			runOnlyForDeploymentPostprocessing = 0;
		};
		8AD554901AEF78EB00B26630 /* Frameworks */ = {
			isa = PBXFrameworksBuildPhase;
			buildActionMask = 2147483647;
			files = (
			);
			runOnlyForDeploymentPostprocessing = 0;
		};
/* End PBXFrameworksBuildPhase section */

/* Begin PBXGroup section */
		8AD5546E1AEF78EB00B26630 = {
			isa = PBXGroup;
			children = (
				8AD6E7AE1AEFCA450040DAC6 /* CoreMotion.framework */,
				8AD6E7AC1AEFCA380040DAC6 /* MobileCoreServices.framework */,
				8AD554791AEF78EB00B26630 /* Shabdo-khoj */,
				8AD6E7A81AEFC6D30040DAC6 /* Framework */,
				8AD554961AEF78EB00B26630 /* Shabdo-khojTests */,
				8AD554781AEF78EB00B26630 /* Products */,
			);
			sourceTree = "<group>";
		};
		8AD554781AEF78EB00B26630 /* Products */ = {
			isa = PBXGroup;
			children = (
				8AD554771AEF78EB00B26630 /* Shabdo-khoj.app */,
				8AD554931AEF78EB00B26630 /* Shabdo-khojTests.xctest */,
			);
			name = Products;
			sourceTree = "<group>";
		};
		8AD554791AEF78EB00B26630 /* Shabdo-khoj */ = {
			isa = PBXGroup;
			children = (
				8AD5547E1AEF78EB00B26630 /* AppDelegate.h */,
				8AD5547F1AEF78EB00B26630 /* AppDelegate.m */,
				8AD554841AEF78EB00B26630 /* ViewController.h */,
				8AD554851AEF78EB00B26630 /* ViewController.m */,
				8AD6E77B1AEF88EF0040DAC6 /* ViewController.xib */,
				8AD554871AEF78EB00B26630 /* Main.storyboard */,
				8AD6E77D1AEFA4760040DAC6 /* AddingFilesOption.h */,
				8AD6E77E1AEFA4760040DAC6 /* AddingFilesOption.m */,
				8AD6E77F1AEFA4760040DAC6 /* AddingFilesOption.xib */,
				8AD6E7821AEFA8C50040DAC6 /* ImageFile.h */,
				8AD6E7831AEFA8C50040DAC6 /* ImageFile.m */,
				8AD6E7841AEFA8C50040DAC6 /* ImageFile.xib */,
				8AD6E78D1AEFB02C0040DAC6 /* AssetBrowserItem.h */,
				8AD6E78E1AEFB02C0040DAC6 /* AssetBrowserItem.m */,
				8AD5548A1AEF78EB00B26630 /* Images.xcassets */,
				8AD6EFA21AF0AF930040DAC6 /* ChartDataPointNormal.png */,
				8AD6E7A91AEFC78C0040DAC6 /* SWTableViewCell */,
				8AD554811AEF78EB00B26630 /* Shabdo_khoj.xcdatamodeld */,
				8AD5547A1AEF78EB00B26630 /* Supporting Files */,
			);
			path = "Shabdo-khoj";
			sourceTree = "<group>";
		};
		8AD5547A1AEF78EB00B26630 /* Supporting Files */ = {
			isa = PBXGroup;
			children = (
				8AD5547B1AEF78EB00B26630 /* Info.plist */,
				8AD5547C1AEF78EB00B26630 /* main.m */,
			);
			name = "Supporting Files";
			sourceTree = "<group>";
		};
		8AD554961AEF78EB00B26630 /* Shabdo-khojTests */ = {
			isa = PBXGroup;
			children = (
				8AD554991AEF78EB00B26630 /* Shabdo_khojTests.m */,
				8AD554971AEF78EB00B26630 /* Supporting Files */,
			);
			path = "Shabdo-khojTests";
			sourceTree = "<group>";
		};
		8AD554971AEF78EB00B26630 /* Supporting Files */ = {
			isa = PBXGroup;
			children = (
				8AD554981AEF78EB00B26630 /* Info.plist */,
			);
			name = "Supporting Files";
			sourceTree = "<group>";
		};
		8AD6E7A81AEFC6D30040DAC6 /* Framework */ = {
			isa = PBXGroup;
			children = (
				8AD6E7AA1AEFCA010040DAC6 /* CoreData.framework */,
				8AD6E7791AEF79960040DAC6 /* UIKit.framework */,
				8AD6E7A61AEFC6750040DAC6 /* CoreGraphics.framework */,
				8AD6E78B1AEFAEAB0040DAC6 /* MediaPlayer.framework */,
				8AD6E7A41AEFC6690040DAC6 /* QuartzCore.framework */,
				8AD6E7A21AEFC64D0040DAC6 /* Foundation.framework */,
				8AD6E7871AEFAE830040DAC6 /* AssetsLibrary.framework */,
				8AD6E7891AEFAE9C0040DAC6 /* AVFoundation.framework */,
			);
			name = Framework;
			sourceTree = "<group>";
		};
		8AD6E7A91AEFC78C0040DAC6 /* SWTableViewCell */ = {
			isa = PBXGroup;
			children = (
				8AD6E7BF1AEFCD950040DAC6 /* NSMutableArray+SWUtilityButtons.h */,
				8AD6E7C01AEFCD950040DAC6 /* NSMutableArray+SWUtilityButtons.m */,
				8AD6E7B91AEFCD1E0040DAC6 /* SWLongPressGestureRecognizer.h */,
				8AD6E7BA1AEFCD1E0040DAC6 /* SWLongPressGestureRecognizer.m */,
				8AD6E7BB1AEFCD1E0040DAC6 /* SWTableViewCell.h */,
				8AD6E7BC1AEFCD1E0040DAC6 /* SWTableViewCell.m */,
				8AD6E7B01AEFCCDC0040DAC6 /* SWCellScrollView.h */,
				8AD6E7B11AEFCCDC0040DAC6 /* SWCellScrollView.m */,
				8AD6E7B21AEFCCDC0040DAC6 /* SWUtilityButtonTapGestureRecognizer.h */,
				8AD6E7B31AEFCCDC0040DAC6 /* SWUtilityButtonTapGestureRecognizer.m */,
				8AD6E7B41AEFCCDC0040DAC6 /* SWUtilityButtonView.h */,
				8AD6E7B51AEFCCDC0040DAC6 /* SWUtilityButtonView.m */,
			);
			name = SWTableViewCell;
			path = ..;
			sourceTree = "<group>";
		};
/* End PBXGroup section */

/* Begin PBXNativeTarget section */
		8AD554761AEF78EB00B26630 /* Shabdo-khoj */ = {
			isa = PBXNativeTarget;
			buildConfigurationList = 8AD5549D1AEF78EB00B26630 /* Build configuration list for PBXNativeTarget "Shabdo-khoj" */;
			buildPhases = (
				8AD554731AEF78EB00B26630 /* Sources */,
				8AD554741AEF78EB00B26630 /* Frameworks */,
				8AD554751AEF78EB00B26630 /* Resources */,
			);
			buildRules = (
			);
			dependencies = (
			);
			name = "Shabdo-khoj";
			productName = "Shabdo-khoj";
			productReference = 8AD554771AEF78EB00B26630 /* Shabdo-khoj.app */;
			productType = "com.apple.product-type.application";
		};
		8AD554921AEF78EB00B26630 /* Shabdo-khojTests */ = {
			isa = PBXNativeTarget;
			buildConfigurationList = 8AD554A01AEF78EB00B26630 /* Build configuration list for PBXNativeTarget "Shabdo-khojTests" */;
			buildPhases = (
				8AD5548F1AEF78EB00B26630 /* Sources */,
				8AD554901AEF78EB00B26630 /* Frameworks */,
				8AD554911AEF78EB00B26630 /* Resources */,
			);
			buildRules = (
			);
			dependencies = (
				8AD554951AEF78EB00B26630 /* PBXTargetDependency */,
			);
			name = "Shabdo-khojTests";
			productName = "Shabdo-khojTests";
			productReference = 8AD554931AEF78EB00B26630 /* Shabdo-khojTests.xctest */;
			productType = "com.apple.product-type.bundle.unit-test";
		};
/* End PBXNativeTarget section */

/* Begin PBXProject section */
		8AD5546F1AEF78EB00B26630 /* Project object */ = {
			isa = PBXProject;
			attributes = {
				LastUpgradeCheck = 0620;
				ORGANIZATIONNAME = technicise.com;
				TargetAttributes = {
					8AD554761AEF78EB00B26630 = {
						CreatedOnToolsVersion = 6.2;
					};
					8AD554921AEF78EB00B26630 = {
						CreatedOnToolsVersion = 6.2;
						TestTargetID = 8AD554761AEF78EB00B26630;
					};
				};
			};
			buildConfigurationList = 8AD554721AEF78EB00B26630 /* Build configuration list for PBXProject "Shabdo-khoj" */;
			compatibilityVersion = "Xcode 3.2";
			developmentRegion = English;
			hasScannedForEncodings = 0;
			knownRegions = (
				en,
				Base,
			);
			mainGroup = 8AD5546E1AEF78EB00B26630;
			productRefGroup = 8AD554781AEF78EB00B26630 /* Products */;
			projectDirPath = "";
			projectRoot = "";
			targets = (
				8AD554761AEF78EB00B26630 /* Shabdo-khoj */,
				8AD554921AEF78EB00B26630 /* Shabdo-khojTests */,
			);
		};
/* End PBXProject section */

/* Begin PBXResourcesBuildPhase section */
		8AD554751AEF78EB00B26630 /* Resources */ = {
			isa = PBXResourcesBuildPhase;
			buildActionMask = 2147483647;
			files = (
				8AD6E7861AEFA8C50040DAC6 /* ImageFile.xib in Resources */,
				8AD554891AEF78EB00B26630 /* Main.storyboard in Resources */,
				8AD6E7811AEFA4760040DAC6 /* AddingFilesOption.xib in Resources */,
				8AD6E77C1AEF88EF0040DAC6 /* ViewController.xib in Resources */,
				8AD5548B1AEF78EB00B26630 /* Images.xcassets in Resources */,
				8AD6EFA31AF0AF930040DAC6 /* ChartDataPointNormal.png in Resources */,
			);
			runOnlyForDeploymentPostprocessing = 0;
		};
		8AD554911AEF78EB00B26630 /* Resources */ = {
			isa = PBXResourcesBuildPhase;
			buildActionMask = 2147483647;
			files = (
			);
			runOnlyForDeploymentPostprocessing = 0;
		};
/* End PBXResourcesBuildPhase section */

/* Begin PBXSourcesBuildPhase section */
		8AD554731AEF78EB00B26630 /* Sources */ = {
			isa = PBXSourcesBuildPhase;
			buildActionMask = 2147483647;
			files = (
				8AD6E7801AEFA4760040DAC6 /* AddingFilesOption.m in Sources */,
				8AD6E7BE1AEFCD1E0040DAC6 /* SWTableViewCell.m in Sources */,
				8AD6E7851AEFA8C50040DAC6 /* ImageFile.m in Sources */,
				8AD6E7B71AEFCCDC0040DAC6 /* SWUtilityButtonTapGestureRecognizer.m in Sources */,
				8AD554801AEF78EB00B26630 /* AppDelegate.m in Sources */,
				8AD6E7B61AEFCCDC0040DAC6 /* SWCellScrollView.m in Sources */,
				8AD6E7C11AEFCD950040DAC6 /* NSMutableArray+SWUtilityButtons.m in Sources */,
				8AD6E78F1AEFB02C0040DAC6 /* AssetBrowserItem.m in Sources */,
				8AD5547D1AEF78EB00B26630 /* main.m in Sources */,
				8AD554861AEF78EB00B26630 /* ViewController.m in Sources */,
				8AD554831AEF78EB00B26630 /* Shabdo_khoj.xcdatamodeld in Sources */,
				8AD6E7B81AEFCCDC0040DAC6 /* SWUtilityButtonView.m in Sources */,
				8AD6E7BD1AEFCD1E0040DAC6 /* SWLongPressGestureRecognizer.m in Sources */,
			);
			runOnlyForDeploymentPostprocessing = 0;
		};
		8AD5548F1AEF78EB00B26630 /* Sources */ = {
			isa = PBXSourcesBuildPhase;
			buildActionMask = 2147483647;
			files = (
				8AD5549A1AEF78EB00B26630 /* Shabdo_khojTests.m in Sources */,
			);
			runOnlyForDeploymentPostprocessing = 0;
		};
/* End PBXSourcesBuildPhase section */

/* Begin PBXTargetDependency section */
		8AD554951AEF78EB00B26630 /* PBXTargetDependency */ = {
			isa = PBXTargetDependency;
			target = 8AD554761AEF78EB00B26630 /* Shabdo-khoj */;
			targetProxy = 8AD554941AEF78EB00B26630 /* PBXContainerItemProxy */;
		};
/* End PBXTargetDependency section */

/* Begin PBXVariantGroup section */
		8AD554871AEF78EB00B26630 /* Main.storyboard */ = {
			isa = PBXVariantGroup;
			children = (
				8AD554881AEF78EB00B26630 /* Base */,
			);
			name = Main.storyboard;
			sourceTree = "<group>";
		};
/* End PBXVariantGroup section */

/* Begin XCBuildConfiguration section */
		8AD5549B1AEF78EB00B26630 /* Debug */ = {
			isa = XCBuildConfiguration;
			buildSettings = {
				ALWAYS_SEARCH_USER_PATHS = NO;
				CLANG_CXX_LANGUAGE_STANDARD = "gnu++0x";
				CLANG_CXX_LIBRARY = "libc++";
				CLANG_ENABLE_MODULES = YES;
				CLANG_ENABLE_OBJC_ARC = YES;
				CLANG_WARN_BOOL_CONVERSION = YES;
				CLANG_WARN_CONSTANT_CONVERSION = YES;
				CLANG_WARN_DIRECT_OBJC_ISA_USAGE = YES_ERROR;
				CLANG_WARN_EMPTY_BODY = YES;
				CLANG_WARN_ENUM_CONVERSION = YES;
				CLANG_WARN_INT_CONVERSION = YES;
				CLANG_WARN_OBJC_ROOT_CLASS = YES_ERROR;
				CLANG_WARN_UNREACHABLE_CODE = YES;
				CLANG_WARN__DUPLICATE_METHOD_MATCH = YES;
				"CODE_SIGN_IDENTITY[sdk=iphoneos*]" = "iPhone Developer";
				COPY_PHASE_STRIP = NO;
				ENABLE_STRICT_OBJC_MSGSEND = YES;
				GCC_C_LANGUAGE_STANDARD = gnu99;
				GCC_DYNAMIC_NO_PIC = NO;
				GCC_OPTIMIZATION_LEVEL = 0;
				GCC_PREPROCESSOR_DEFINITIONS = (
					"DEBUG=1",
					"$(inherited)",
				);
				GCC_SYMBOLS_PRIVATE_EXTERN = NO;
				GCC_WARN_64_TO_32_BIT_CONVERSION = YES;
				GCC_WARN_ABOUT_RETURN_TYPE = YES_ERROR;
				GCC_WARN_UNDECLARED_SELECTOR = YES;
				GCC_WARN_UNINITIALIZED_AUTOS = YES_AGGRESSIVE;
				GCC_WARN_UNUSED_FUNCTION = YES;
				GCC_WARN_UNUSED_VARIABLE = YES;
				IPHONEOS_DEPLOYMENT_TARGET = 8.2;
				MTL_ENABLE_DEBUG_INFO = YES;
				ONLY_ACTIVE_ARCH = YES;
				SDKROOT = iphoneos;
			};
			name = Debug;
		};
		8AD5549C1AEF78EB00B26630 /* Release */ = {
			isa = XCBuildConfiguration;
			buildSettings = {
				ALWAYS_SEARCH_USER_PATHS = NO;
				CLANG_CXX_LANGUAGE_STANDARD = "gnu++0x";
				CLANG_CXX_LIBRARY = "libc++";
				CLANG_ENABLE_MODULES = YES;
				CLANG_ENABLE_OBJC_ARC = YES;
				CLANG_WARN_BOOL_CONVERSION = YES;
				CLANG_WARN_CONSTANT_CONVERSION = YES;
				CLANG_WARN_DIRECT_OBJC_ISA_USAGE = YES_ERROR;
				CLANG_WARN_EMPTY_BODY = YES;
				CLANG_WARN_ENUM_CONVERSION = YES;
				CLANG_WARN_INT_CONVERSION = YES;
				CLANG_WARN_OBJC_ROOT_CLASS = YES_ERROR;
				CLANG_WARN_UNREACHABLE_CODE = YES;
				CLANG_WARN__DUPLICATE_METHOD_MATCH = YES;
				"CODE_SIGN_IDENTITY[sdk=iphoneos*]" = "iPhone Developer";
				COPY_PHASE_STRIP = NO;
				ENABLE_NS_ASSERTIONS = NO;
				ENABLE_STRICT_OBJC_MSGSEND = YES;
				GCC_C_LANGUAGE_STANDARD = gnu99;
				GCC_WARN_64_TO_32_BIT_CONVERSION = YES;
				GCC_WARN_ABOUT_RETURN_TYPE = YES_ERROR;
				GCC_WARN_UNDECLARED_SELECTOR = YES;
				GCC_WARN_UNINITIALIZED_AUTOS = YES_AGGRESSIVE;
				GCC_WARN_UNUSED_FUNCTION = YES;
				GCC_WARN_UNUSED_VARIABLE = YES;
				IPHONEOS_DEPLOYMENT_TARGET = 8.2;
				MTL_ENABLE_DEBUG_INFO = NO;
				SDKROOT = iphoneos;
				VALIDATE_PRODUCT = YES;
			};
			name = Release;
		};
		8AD5549E1AEF78EB00B26630 /* Debug */ = {
			isa = XCBuildConfiguration;
			buildSettings = {
				ASSETCATALOG_COMPILER_APPICON_NAME = AppIcon;
				FRAMEWORK_SEARCH_PATHS = (
					"$(inherited)",
					"$(PROJECT_DIR)/Shabdo-khoj/iosapp/code/demologinapp",
					"$(PROJECT_DIR)/Shabdo-khoj/iosapp/code/demologinappTests",
					"$(PROJECT_DIR)/Shabdo-khoj/iosapp/code",
				);
				INFOPLIST_FILE = "Shabdo-khoj/Info.plist";
				LD_RUNPATH_SEARCH_PATHS = "$(inherited) @executable_path/Frameworks";
				PRODUCT_NAME = "$(TARGET_NAME)";
			};
			name = Debug;
		};
		8AD5549F1AEF78EB00B26630 /* Release */ = {
			isa = XCBuildConfiguration;
			buildSettings = {
				ASSETCATALOG_COMPILER_APPICON_NAME = AppIcon;
				FRAMEWORK_SEARCH_PATHS = (
					"$(inherited)",
					"$(PROJECT_DIR)/Shabdo-khoj/iosapp/code/demologinapp",
					"$(PROJECT_DIR)/Shabdo-khoj/iosapp/code/demologinappTests",
					"$(PROJECT_DIR)/Shabdo-khoj/iosapp/code",
				);
				INFOPLIST_FILE = "Shabdo-khoj/Info.plist";
				LD_RUNPATH_SEARCH_PATHS = "$(inherited) @executable_path/Frameworks";
				PRODUCT_NAME = "$(TARGET_NAME)";
			};
			name = Release;
		};
		8AD554A11AEF78EB00B26630 /* Debug */ = {
			isa = XCBuildConfiguration;
			buildSettings = {
				BUNDLE_LOADER = "$(TEST_HOST)";
				FRAMEWORK_SEARCH_PATHS = (
					"$(SDKROOT)/Developer/Library/Frameworks",
					"$(inherited)",
				);
				GCC_PREPROCESSOR_DEFINITIONS = (
					"DEBUG=1",
					"$(inherited)",
				);
				INFOPLIST_FILE = "Shabdo-khojTests/Info.plist";
				LD_RUNPATH_SEARCH_PATHS = "$(inherited) @executable_path/Frameworks @loader_path/Frameworks";
				PRODUCT_NAME = "$(TARGET_NAME)";
				TEST_HOST = "$(BUILT_PRODUCTS_DIR)/Shabdo-khoj.app/Shabdo-khoj";
			};
			name = Debug;
		};
		8AD554A21AEF78EB00B26630 /* Release */ = {
			isa = XCBuildConfiguration;
			buildSettings = {
				BUNDLE_LOADER = "$(TEST_HOST)";
				FRAMEWORK_SEARCH_PATHS = (
					"$(SDKROOT)/Developer/Library/Frameworks",
					"$(inherited)",
				);
				INFOPLIST_FILE = "Shabdo-khojTests/Info.plist";
				LD_RUNPATH_SEARCH_PATHS = "$(inherited) @executable_path/Frameworks @loader_path/Frameworks";
				PRODUCT_NAME = "$(TARGET_NAME)";
				TEST_HOST = "$(BUILT_PRODUCTS_DIR)/Shabdo-khoj.app/Shabdo-khoj";
			};
			name = Release;
		};
/* End XCBuildConfiguration section */

/* Begin XCConfigurationList section */
		8AD554721AEF78EB00B26630 /* Build configuration list for PBXProject "Shabdo-khoj" */ = {
			isa = XCConfigurationList;
			buildConfigurations = (
				8AD5549B1AEF78EB00B26630 /* Debug */,
				8AD5549C1AEF78EB00B26630 /* Release */,
			);
			defaultConfigurationIsVisible = 0;
			defaultConfigurationName = Release;
		};
		8AD5549D1AEF78EB00B26630 /* Build configuration list for PBXNativeTarget "Shabdo-khoj" */ = {
			isa = XCConfigurationList;
			buildConfigurations = (
				8AD5549E1AEF78EB00B26630 /* Debug */,
				8AD5549F1AEF78EB00B26630 /* Release */,
			);
			defaultConfigurationIsVisible = 0;
			defaultConfigurationName = Release;
		};
		8AD554A01AEF78EB00B26630 /* Build configuration list for PBXNativeTarget "Shabdo-khojTests" */ = {
			isa = XCConfigurationList;
			buildConfigurations = (
				8AD554A11AEF78EB00B26630 /* Debug */,
				8AD554A21AEF78EB00B26630 /* Release */,
			);
			defaultConfigurationIsVisible = 0;
			defaultConfigurationName = Release;
		};
/* End XCConfigurationList section */

/* Begin XCVersionGroup section */
		8AD554811AEF78EB00B26630 /* Shabdo_khoj.xcdatamodeld */ = {
			isa = XCVersionGroup;
			children = (
				8AD554821AEF78EB00B26630 /* Shabdo_khoj.xcdatamodel */,
			);
			currentVersion = 8AD554821AEF78EB00B26630 /* Shabdo_khoj.xcdatamodel */;
			path = Shabdo_khoj.xcdatamodeld;
			sourceTree = "<group>";
			versionGroupType = wrapper.xcdatamodel;
		};
/* End XCVersionGroup section */
	};
	rootObject = 8AD5546F1AEF78EB00B26630 /* Project object */;
}
